# THIS IS AN AUTOGENERATED FILE. DO NOT EDIT THIS FILE DIRECTLY.
# yarn lockfile v1


"@formatjs/intl-numberformat@^4.2.6":
  version "4.2.6"
  resolved "https://registry.yarnpkg.com/@formatjs/intl-numberformat/-/intl-numberformat-4.2.6.tgz#a1ae188919ce54fc2eda8ff3e2b83c1bbaa0704d"
  integrity sha512-LcV9pJ5XiiNwt3kbhsWIbeLd3zQZejs3iE3q98HiuV3yx9fAJR0I7n3XF67KCvIW64+hpo5V831EAbGvwhUUmQ==
  dependencies:
    "@formatjs/intl-utils" "^3.3.1"

"@formatjs/intl-utils@^3.3.1":
  version "3.3.1"
  resolved "https://registry.yarnpkg.com/@formatjs/intl-utils/-/intl-utils-3.3.1.tgz#7ceadbb7e251318729d9bf693731e1a5dcdfa15a"
  integrity sha512-7AAicg2wqCJQ+gFEw5Nxp+ttavajBrPAD1HDmzA4jzvUCrF5a2NCJm/c5qON3VBubWWF2cu8HglEouj2h/l7KQ==
  dependencies:
    emojis-list "^3.0.0"

"@kurkle/color@^0.1.6":
  version "0.1.9"
  resolved "https://registry.yarnpkg.com/@kurkle/color/-/color-0.1.9.tgz#949ea1494581b15576fca50d8486e5816fccfd27"
  integrity sha512-K3Aul4Ct6O48yWw0/az5rqk2K76oNXXX3Su32Xkh4SfMFvPt0QEkq0Q6+3icE5S3U2c88WAuq3Vh1Iaz4aUH+w==

"@types/node@*":
  version "14.0.13"
  resolved "https://registry.yarnpkg.com/@types/node/-/node-14.0.13.tgz#ee1128e881b874c371374c1f72201893616417c9"
  integrity sha512-rouEWBImiRaSJsVA+ITTFM6ZxibuAlTuNOCyxVbwreu6k6+ujs7DfnU9o+PShFhET78pMBl3eH+AGSI5eOTkPA==

"@types/resolve@0.0.8":
  version "0.0.8"
  resolved "https://registry.yarnpkg.com/@types/resolve/-/resolve-0.0.8.tgz#f26074d238e02659e323ce1a13d041eee280e194"
  integrity sha512-auApPaJf3NPfe18hSoJkp8EbZzer2ISk7o8mCC3M9he/a04+gbMF97NkpD2S8riMGvm4BMRI59/SZQSaLTKpsQ==
  dependencies:
    "@types/node" "*"

builtin-modules@^3.1.0:
  version "3.1.0"
  resolved "https://registry.yarnpkg.com/builtin-modules/-/builtin-modules-3.1.0.tgz#aad97c15131eb76b65b50ef208e7584cd76a7484"
  integrity sha512-k0KL0aWZuBt2lrxrcASWDfwOLMnodeQjodT/1SxEQAXsHANgo6ZC/VEaSEHCXt7aSTZ4/4H5LKa+tBXmW7Vtvw==

chart.js@^3.0.0-alpha:
  version "3.0.0-alpha"
  resolved "https://registry.yarnpkg.com/chart.js/-/chart.js-3.0.0-alpha.tgz#d82e3f7c882b8e321ad05bc1833f983b2b0b630b"
  integrity sha512-9jbL1IsG9+1oq01GMKbeJ/257O46nVjQuYWEanpo0MuCr18cXMfkrzBTwdbl0VTOkIvWLJJcU5Cmhdc546k2bA==
  dependencies:
    "@kurkle/color" "^0.1.6"

custom-card-helpers@^1.6.4:
  version "1.6.4"
  resolved "https://registry.yarnpkg.com/custom-card-helpers/-/custom-card-helpers-1.6.4.tgz#d615ab72a26db5c72aaca62d39a9ac4ca37da9a9"
  integrity sha512-9h+tUZHtxYGbV7Wiw10NQIHT/CbSnFKcfPkKOCrbHOdGjmg6dFLjIKlTbdVHx2gjbdgRsZoW6DmFmRnLB0VJlQ==
  dependencies:
    fecha "^4.2.0"
    home-assistant-js-websocket "^5.1.0"
    intl-messageformat "^8.3.9"
    lit-element "^2.3.1"
    rollup "^2.7.6"
    superstruct "^0.8.3"
    typescript "^3.8.3"

emojis-list@^3.0.0:
  version "3.0.0"
  resolved "https://registry.yarnpkg.com/emojis-list/-/emojis-list-3.0.0.tgz#5570662046ad29e2e916e71aae260abdff4f6a78"
  integrity sha512-/kyM18EfinwXZbno9FyUGeFh87KC8HRQBQGildHZbEuRyWFOmv1U10o9BBp8XVZDVNNuQKyIGIu5ZYAAXJ0V2Q==

estree-walker@^0.6.1:
  version "0.6.1"
  resolved "https://registry.yarnpkg.com/estree-walker/-/estree-walker-0.6.1.tgz#53049143f40c6eb918b23671d1fe3219f3a1b362"
  integrity sha512-SqmZANLWS0mnatqbSfRP5g8OXZC12Fgg1IwNtLsyHDzJizORW4khDfjPqJZsemPWBB2uqykUah5YpQ6epsqC/w==

fecha@^4.2.0:
  version "4.2.0"
  resolved "https://registry.yarnpkg.com/fecha/-/fecha-4.2.0.tgz#3ffb6395453e3f3efff850404f0a59b6747f5f41"
  integrity sha512-aN3pcx/DSmtyoovUudctc8+6Hl4T+hI9GBBHLjA76jdZl7+b1sgh5g4k+u/GL3dTy1/pnYzKp69FpJ0OicE3Wg==

fsevents@~2.1.2:
  version "2.1.3"
  resolved "https://registry.yarnpkg.com/fsevents/-/fsevents-2.1.3.tgz#fb738703ae8d2f9fe900c33836ddebee8b97f23e"
  integrity sha512-Auw9a4AxqWpa9GUfj370BMPzzyncfBABW8Mab7BGWBYDj4Isgq+cDKtx0i6u9jcX9pQDnswsaaOTgTmA5pEjuQ==

home-assistant-js-websocket@^5.1.0:
  version "5.2.3"
  resolved "https://registry.yarnpkg.com/home-assistant-js-websocket/-/home-assistant-js-websocket-5.2.3.tgz#38b18e3cec4521a4f5bc5701b9a23cad4362dda0"
  integrity sha512-fBKwfALOOwtwagzEX9LdAW0IqA5i5hxxRsPrfIJCC5QyqQpyZxzIxu+BzRE6/RF+iPPP4w4kA44B5zVJfecb9w==

intl-format-cache@^4.2.38:
  version "4.2.38"
  resolved "https://registry.yarnpkg.com/intl-format-cache/-/intl-format-cache-4.2.38.tgz#36de38f45d6881d6566e7a1c45f971ad39ab1c56"
  integrity sha512-2jezJUaVUcNfgdllfjnZIkIrweLpMwouT4rTSyUk2Ig/6+O7PjZQPIIwkywSjnwVpTAXBj5VEkig+4z+c4trjg==

intl-messageformat-parser@^5.1.3:
  version "5.1.3"
  resolved "https://registry.yarnpkg.com/intl-messageformat-parser/-/intl-messageformat-parser-5.1.3.tgz#bd57fffebdf832a425edd330107bbf832cdbbbb8"
  integrity sha512-bWuXkK4wzOKNHdqDHCw4+8+nKENtDs3E60hpUnh/6MXvZ0dfOtHA2LSIBLTkkE2h5Ir3V4XByW/8Bj1MBI5Ucw==
  dependencies:
    "@formatjs/intl-numberformat" "^4.2.6"

intl-messageformat@^8.3.9:
  version "8.3.23"
  resolved "https://registry.yarnpkg.com/intl-messageformat/-/intl-messageformat-8.3.23.tgz#139c79db5e58dd5bd28c963eae1d05ad23fe940b"
  integrity sha512-km3/LXz/fggXSbY/Ew6IKsL47v3gBrDDd0QYtesTaxK1zeRLrBwJksXmk4R4dJua9P8zGLT+wBsao4UvViKkVA==
  dependencies:
    intl-format-cache "^4.2.38"
    intl-messageformat-parser "^5.1.3"

is-module@^1.0.0:
  version "1.0.0"
  resolved "https://registry.yarnpkg.com/is-module/-/is-module-1.0.0.tgz#3258fb69f78c14d5b815d664336b4cffb6441591"
  integrity sha1-Mlj7afeMFNW4FdZkM2tM/7ZEFZE=

kind-of@^6.0.2:
  version "6.0.3"
  resolved "https://registry.yarnpkg.com/kind-of/-/kind-of-6.0.3.tgz#07c05034a6c349fa06e24fa35aa76db4580ce4dd"
  integrity sha512-dcS1ul+9tmeD95T+x28/ehLgd9mENa3LsvDTtzm3vyBEO7RPptvAD+t44WVXaUjTBRcrpFeFlC8WCruUR456hw==

lit-element@^2.3.1:
  version "2.3.1"
  resolved "https://registry.yarnpkg.com/lit-element/-/lit-element-2.3.1.tgz#73343b978fa1e73d60526c6bb6ad60f53a16c343"
  integrity sha512-tOcUAmeO3BzwiQ7FGWdsshNvC0HVHcTFYw/TLIImmKwXYoV0E7zCBASa8IJ7DiP4cen/Yoj454gS0qqTnIGsFA==
  dependencies:
    lit-html "^1.1.1"

lit-html@^1.1.1, lit-html@^1.1.2:
  version "1.2.1"
  resolved "https://registry.yarnpkg.com/lit-html/-/lit-html-1.2.1.tgz#1fb933dc1e2ddc095f60b8086277d4fcd9d62cc8"
  integrity sha512-GSJHHXMGLZDzTRq59IUfL9FCdAlGfqNp/dEa7k7aBaaWD+JKaCjsAk9KYm2V12ItonVaYx2dprN66Zdm1AuBTQ==

path-parse@^1.0.6:
  version "1.0.6"
  resolved "https://registry.yarnpkg.com/path-parse/-/path-parse-1.0.6.tgz#d62dbb5679405d72c4737ec58600e9ddcf06d24c"
  integrity sha512-GSmOT2EbHrINBf9SR7CDELwlJ8AENk3Qn7OikK4nFYAu3Ote2+JYNVvkpAEQm3/TLNEJFD/xZJjzyxg3KBWOzw==

resolve@^1.11.1:
  version "1.17.0"
  resolved "https://registry.yarnpkg.com/resolve/-/resolve-1.17.0.tgz#b25941b54968231cc2d1bb76a79cb7f2c0bf8444"
  integrity sha512-ic+7JYiV8Vi2yzQGFWOkiZD5Z9z7O2Zhm9XMaTxdJExKasieFCr+yXZ/WmXsckHiKl12ar0y6XiXDx3m4RHn1w==
  dependencies:
    path-parse "^1.0.6"

rollup-plugin-node-resolve@^5.2.0:
  version "5.2.0"
  resolved "https://registry.yarnpkg.com/rollup-plugin-node-resolve/-/rollup-plugin-node-resolve-5.2.0.tgz#730f93d10ed202473b1fb54a5997a7db8c6d8523"
  integrity sha512-jUlyaDXts7TW2CqQ4GaO5VJ4PwwaV8VUGA7+km3n6k6xtOEacf61u0VXwN80phY/evMcaS+9eIeJ9MOyDxt5Zw==
  dependencies:
    "@types/resolve" "0.0.8"
    builtin-modules "^3.1.0"
    is-module "^1.0.0"
    resolve "^1.11.1"
    rollup-pluginutils "^2.8.1"

rollup-pluginutils@^2.8.1:
  version "2.8.2"
  resolved "https://registry.yarnpkg.com/rollup-pluginutils/-/rollup-pluginutils-2.8.2.tgz#72f2af0748b592364dbd3389e600e5a9444a351e"
  integrity sha512-EEp9NhnUkwY8aif6bxgovPHMoMoNr2FulJziTndpt5H9RdwC47GSGuII9XxpSdzVGM0GWrNPHV6ie1LTNJPaLQ==
  dependencies:
    estree-walker "^0.6.1"

rollup@^2.15.0, rollup@^2.7.6:
  version "2.15.0"
  resolved "https://registry.yarnpkg.com/rollup/-/rollup-2.15.0.tgz#1324633188c7f82138bd3bdc99416009ee541f48"
  integrity sha512-HAk4kyXiV5sdNDnbKWk5zBPnkX/DAgx09Kbp8rRIRDVsTUVN3vnSowR7ZHkV6/lAiE6c2TQ8HtYb72aCPGW4Jw==
  optionalDependencies:
    fsevents "~2.1.2"

superstruct@^0.8.3:
  version "0.8.4"
  resolved "https://registry.yarnpkg.com/superstruct/-/superstruct-0.8.4.tgz#478a19649f6b02c6319c02044db6a1f5863c391f"
  integrity sha512-48Ors8IVWZm/tMr8r0Si6+mJiB7mkD7jqvIzktjJ4+EnP5tBp0qOpiM1J8sCUorKx+TXWrfb3i1UcjdD1YK/wA==
  dependencies:
    kind-of "^6.0.2"
    tiny-invariant "^1.0.6"

tiny-invariant@^1.0.6:
  version "1.1.0"
  resolved "https://registry.yarnpkg.com/tiny-invariant/-/tiny-invariant-1.1.0.tgz#634c5f8efdc27714b7f386c35e6760991d230875"
  integrity sha512-ytxQvrb1cPc9WBEI/HSeYYoGD0kWnGEOR8RY6KomWLBVhqz0RgTwVO9dLrGz7dC+nN9llyI7OKAgRq8Vq4ZBSw==

typescript@^3.8.3:
  version "3.9.5"
  resolved "https://registry.yarnpkg.com/typescript/-/typescript-3.9.5.tgz#586f0dba300cde8be52dd1ac4f7e1009c1b13f36"
  integrity sha512-hSAifV3k+i6lEoCJ2k6R2Z/rp/H3+8sdmcn5NrS3/3kE7+RyZXm9aqvxWqjEXHAd8b0pShatpcdMTvEdvAJltQ==
